
Microsoft Visual Studio Solution File, Format Version 11.00
# Visual Studio 2010
Project("{FAE04EC0-301F-11D3-BF4B-00C04F79EFBC}") = "ParseAndroidApp", "ParseAndroidApp\ParseAndroidApp.csproj", "{EFED8001-8DA7-47CA-9D76-527F4A1F4946}"
EndProject
Global
	GlobalSection(SolutionConfigurationPlatforms) = preSolution
		Debug|Any CPU = Debug|Any CPU
		Release|Any CPU = Release|Any CPU
	EndGlobalSection
	GlobalSection(ProjectConfigurationPlatforms) = postSolution
		{EFED8001-8DA7-47CA-9D76-527F4A1F4946}.Debug|Any CPU.ActiveCfg = Debug|Any CPU
		{EFED8001-8DA7-47CA-9D76-527F4A1F4946}.Debug|Any CPU.Build.0 = Debug|Any CPU
		{EFED8001-8DA7-47CA-9D76-527F4A1F4946}.Release|Any CPU.ActiveCfg = Release|Any CPU
		{EFED8001-8DA7-47CA-9D76-527F4A1F4946}.Release|Any CPU.Build.0 = Release|Any CPU
	EndGlobalSection
	GlobalSection(MonoDevelopProperties) = preSolution
		StartupItem = ParseAndroidApp\ParseAndroidApp.csproj
	EndGlobalSection
EndGlobal
